
Microsoft Visual Studio Solution File, Format Version 12.00
# Visual Studio Version 18
VisualStudioVersion = 18.3.11520.95 d18.3
MinimumVisualStudioVersion = 10.0.40219.1
Project("{FAE04EC0-301F-11D3-BF4B-00C04F79EFBC}") = "IMissMyLimbs", "IMissMyLimbs.csproj", "{87D9C846-9A8F-8951-4D9A-968423BD150F}"
EndProject
Global
	GlobalSection(SolutionConfigurationPlatforms) = preSolution
		Debug|Any CPU = Debug|Any CPU
		Release|Any CPU = Release|Any CPU
	EndGlobalSection
	GlobalSection(ProjectConfigurationPlatforms) = postSolution
		{87D9C846-9A8F-8951-4D9A-968423BD150F}.Debug|Any CPU.ActiveCfg = Debug|Any CPU
		{87D9C846-9A8F-8951-4D9A-968423BD150F}.Debug|Any CPU.Build.0 = Debug|Any CPU
		{87D9C846-9A8F-8951-4D9A-968423BD150F}.Release|Any CPU.ActiveCfg = Release|Any CPU
		{87D9C846-9A8F-8951-4D9A-968423BD150F}.Release|Any CPU.Build.0 = Release|Any CPU
	EndGlobalSection
	GlobalSection(SolutionProperties) = preSolution
		HideSolutionNode = FALSE
	EndGlobalSection
	GlobalSection(ExtensibilityGlobals) = postSolution
		SolutionGuid = {D812D69A-798E-4545-A905-B1B225219C42}
	EndGlobalSection
EndGlobal
